# generated by rye
# use `rye lock` or `rye sync` to update this lockfile
#
# last locked with the following flags:
#   pre: false
#   features: []
#   all-features: false
#   with-sources: false
#   generate-hashes: false
#   universal: false

-e file:.
aiohappyeyeballs==2.4.3
    # via aiohttp
aiohttp==3.10.9
    # via athlon-flex-api
aiosignal==1.3.1
    # via aiohttp
aiosqlite==0.20.0
    # via prefect
alembic==1.13.3
    # via prefect
annotated-types==0.7.0
    # via pydantic
anyio==4.6.0
    # via httpx
    # via prefect
    # via starlette
apprise==1.9.0
    # via prefect
asgi-lifespan==2.1.0
    # via prefect
async-property==0.2.2
    # via athlon-flex-api
asyncpg==0.29.0
    # via prefect
athlon-flex-api==0.1.8
    # via athlon-flex-notifier
attrs==24.2.0
    # via aiohttp
    # via jsonschema
    # via referencing
cachetools==5.5.0
    # via prefect
certifi==2024.8.30
    # via apprise
    # via httpcore
    # via httpx
    # via requests
cffi==1.17.1
    # via cryptography
charset-normalizer==3.3.2
    # via requests
click==8.1.7
    # via apprise
    # via prefect
    # via typer
    # via uvicorn
cloudpickle==3.1.0
    # via prefect
colorama==0.4.6
    # via click
    # via griffe
coolname==2.2.0
    # via prefect
croniter==3.0.3
    # via prefect
cryptography==43.0.1
    # via prefect
dateparser==1.2.0
    # via prefect
docker==7.1.0
    # via prefect
exceptiongroup==1.2.2
    # via prefect
fastapi==0.115.2
    # via prefect
frozenlist==1.4.1
    # via aiohttp
    # via aiosignal
fsspec==2024.9.0
    # via prefect
graphviz==0.20.3
    # via prefect
greenlet==3.1.1
    # via sqlalchemy
griffe==1.4.1
    # via prefect
h11==0.14.0
    # via httpcore
    # via uvicorn
h2==4.1.0
    # via httpx
hpack==4.0.0
    # via h2
httpcore==1.0.6
    # via httpx
    # via prefect
httpx==0.27.2
    # via prefect
humanize==4.11.0
    # via jinja2-humanize-extension
    # via prefect
hyperframe==6.0.1
    # via h2
idna==3.10
    # via anyio
    # via httpx
    # via requests
    # via yarl
jinja2==3.1.4
    # via athlon-flex-notifier
    # via jinja2-humanize-extension
    # via prefect
jinja2-humanize-extension==0.4.0
    # via prefect
jsonpatch==1.33
    # via prefect
jsonpointer==3.0.0
    # via jsonpatch
jsonschema==4.23.0
    # via prefect
jsonschema-specifications==2024.10.1
    # via jsonschema
kink==0.8.0
    # via athlon-flex-notifier
mako==1.3.5
    # via alembic
markdown==3.7
    # via apprise
markdown-it-py==3.0.0
    # via rich
markupsafe==3.0.1
    # via jinja2
    # via mako
mdurl==0.1.2
    # via markdown-it-py
multidict==6.1.0
    # via aiohttp
    # via yarl
nest-asyncio==1.6.0
    # via athlon-flex-api
oauthlib==3.2.2
    # via requests-oauthlib
orjson==3.10.7
    # via prefect
packaging==24.1
    # via prefect
pathspec==0.12.1
    # via prefect
pendulum==3.0.0
    # via prefect
prefect==3.0.8
    # via athlon-flex-notifier
prometheus-client==0.21.0
    # via prefect
psycopg2==2.9.9
    # via athlon-flex-notifier
pycparser==2.22
    # via cffi
pydantic==2.9.2
    # via athlon-flex-api
    # via athlon-flex-notifier
    # via fastapi
    # via prefect
    # via pydantic-extra-types
    # via pydantic-settings
    # via sqlmodel
pydantic-core==2.23.4
    # via prefect
    # via pydantic
pydantic-extra-types==2.9.0
    # via prefect
pydantic-settings==2.5.2
    # via prefect
pygments==2.18.0
    # via rich
python-dateutil==2.9.0.post0
    # via croniter
    # via dateparser
    # via pendulum
    # via prefect
    # via time-machine
python-dotenv==1.0.1
    # via athlon-flex-notifier
    # via pydantic-settings
python-slugify==8.0.4
    # via prefect
pytz==2024.2
    # via athlon-flex-notifier
    # via croniter
    # via dateparser
    # via prefect
# pywin32==308 (excluded)
    # via docker
pyyaml==6.0.2
    # via apprise
    # via prefect
readchar==4.2.0
    # via prefect
referencing==0.35.1
    # via jsonschema
    # via jsonschema-specifications
regex==2024.9.11
    # via dateparser
requests==2.32.3
    # via apprise
    # via athlon-flex-api
    # via athlon-flex-notifier
    # via docker
    # via requests-oauthlib
requests-oauthlib==2.0.0
    # via apprise
rfc3339-validator==0.1.4
    # via prefect
rich==13.9.2
    # via prefect
    # via typer
rpds-py==0.20.0
    # via jsonschema
    # via referencing
ruamel-yaml==0.18.6
    # via prefect
ruamel-yaml-clib==0.2.8
    # via ruamel-yaml
ruff==0.6.9
    # via athlon-flex-notifier
shellingham==1.5.4
    # via typer
six==1.16.0
    # via python-dateutil
    # via rfc3339-validator
sniffio==1.3.1
    # via anyio
    # via asgi-lifespan
    # via httpx
    # via prefect
sqlalchemy==2.0.35
    # via alembic
    # via prefect
    # via sqlmodel
sqlmodel==0.0.22
    # via athlon-flex-notifier
starlette==0.39.2
    # via fastapi
text-unidecode==1.3
    # via python-slugify
time-machine==2.16.0
    # via pendulum
toml==0.10.2
    # via prefect
typer==0.12.5
    # via prefect
typing-extensions==4.12.2
    # via aiosqlite
    # via alembic
    # via fastapi
    # via kink
    # via prefect
    # via pydantic
    # via pydantic-core
    # via sqlalchemy
    # via typer
tzdata==2024.2
    # via pendulum
    # via tzlocal
tzlocal==5.2
    # via dateparser
ujson==5.10.0
    # via prefect
urllib3==2.2.3
    # via docker
    # via requests
uvicorn==0.31.1
    # via prefect
websockets==13.1
    # via prefect
yarl==1.13.1
    # via aiohttp
